// !$*UTF8*$!
{
	archiveVersion = 1;
	classes = {
	};
	objectVersion = 50;
	objects = {

/* Begin PBXBuildFile section */
		BF736F072231C1000081E726 /* AppDelegate.swift in Sources */ = {isa = PBXBuildFile; fileRef = BF736F062231C1000081E726 /* AppDelegate.swift */; };
		BF736F092231C1000081E726 /* ViewController.swift in Sources */ = {isa = PBXBuildFile; fileRef = BF736F082231C1000081E726 /* ViewController.swift */; };
		BF736F0E2231C1040081E726 /* Assets.xcassets in Resources */ = {isa = PBXBuildFile; fileRef = BF736F0D2231C1040081E726 /* Assets.xcassets */; };
		BF736F112231C1040081E726 /* LaunchScreen.storyboard in Resources */ = {isa = PBXBuildFile; fileRef = BF736F0F2231C1040081E726 /* LaunchScreen.storyboard */; };
		BF736F1D223469D30081E726 /* TwoController.swift in Sources */ = {isa = PBXBuildFile; fileRef = BF736F1C223469D30081E726 /* TwoController.swift */; };
		BF76F6B0223578B800EA9D89 /* Default-568h@2x.png in Resources */ = {isa = PBXBuildFile; fileRef = BF76F6AF223578B700EA9D89 /* Default-568h@2x.png */; };
		BF76F6B22235823700EA9D89 /* Storyboard.storyboard in Resources */ = {isa = PBXBuildFile; fileRef = BF76F6B12235823700EA9D89 /* Storyboard.storyboard */; };
		E927328346B9CDA112FC4631 /* Pods_MyOneProject.framework in Frameworks */ = {isa = PBXBuildFile; fileRef = 1BBFFC4BD20BEBC706CBC694 /* Pods_MyOneProject.framework */; };
/* End PBXBuildFile section */

/* Begin PBXFileReference section */
		1BBFFC4BD20BEBC706CBC694 /* Pods_MyOneProject.framework */ = {isa = PBXFileReference; explicitFileType = wrapper.framework; includeInIndex = 0; path = Pods_MyOneProject.framework; sourceTree = BUILT_PRODUCTS_DIR; };
		216E0A3CF666EC51D46FAA47 /* Pods-MyOneProject.debug.xcconfig */ = {isa = PBXFileReference; includeInIndex = 1; lastKnownFileType = text.xcconfig; name = "Pods-MyOneProject.debug.xcconfig"; path = "Target Support Files/Pods-MyOneProject/Pods-MyOneProject.debug.xcconfig"; sourceTree = "<group>"; };
		24FD4590FDABC8BD95E19CFC /* Pods-MyOneProject.release.xcconfig */ = {isa = PBXFileReference; includeInIndex = 1; lastKnownFileType = text.xcconfig; name = "Pods-MyOneProject.release.xcconfig"; path = "Target Support Files/Pods-MyOneProject/Pods-MyOneProject.release.xcconfig"; sourceTree = "<group>"; };
		BF736F032231C1000081E726 /* MyOneProject.app */ = {isa = PBXFileReference; explicitFileType = wrapper.application; includeInIndex = 0; path = MyOneProject.app; sourceTree = BUILT_PRODUCTS_DIR; };
		BF736F062231C1000081E726 /* AppDelegate.swift */ = {isa = PBXFileReference; lastKnownFileType = sourcecode.swift; path = AppDelegate.swift; sourceTree = "<group>"; };
		BF736F082231C1000081E726 /* ViewController.swift */ = {isa = PBXFileReference; lastKnownFileType = sourcecode.swift; path = ViewController.swift; sourceTree = "<group>"; };
		BF736F0D2231C1040081E726 /* Assets.xcassets */ = {isa = PBXFileReference; lastKnownFileType = folder.assetcatalog; path = Assets.xcassets; sourceTree = "<group>"; };
		BF736F102231C1040081E726 /* Base */ = {isa = PBXFileReference; lastKnownFileType = file.storyboard; name = Base; path = Base.lproj/LaunchScreen.storyboard; sourceTree = "<group>"; };
		BF736F122231C1040081E726 /* Info.plist */ = {isa = PBXFileReference; lastKnownFileType = text.plist.xml; path = Info.plist; sourceTree = "<group>"; };
		BF736F1B2231C1840081E726 /* MyOneProject.entitlements */ = {isa = PBXFileReference; lastKnownFileType = text.plist.entitlements; path = MyOneProject.entitlements; sourceTree = "<group>"; };
		BF736F1C223469D30081E726 /* TwoController.swift */ = {isa = PBXFileReference; lastKnownFileType = sourcecode.swift; path = TwoController.swift; sourceTree = "<group>"; };
		BF76F6AF223578B700EA9D89 /* Default-568h@2x.png */ = {isa = PBXFileReference; lastKnownFileType = image.png; path = "Default-568h@2x.png"; sourceTree = "<group>"; };
		BF76F6B12235823700EA9D89 /* Storyboard.storyboard */ = {isa = PBXFileReference; fileEncoding = 4; lastKnownFileType = file.storyboard; path = Storyboard.storyboard; sourceTree = "<group>"; };
/* End PBXFileReference section */

/* Begin PBXFrameworksBuildPhase section */
		BF736F002231C1000081E726 /* Frameworks */ = {
			isa = PBXFrameworksBuildPhase;
			buildActionMask = 2147483647;
			files = (
				E927328346B9CDA112FC4631 /* Pods_MyOneProject.framework in Frameworks */,
			);
			runOnlyForDeploymentPostprocessing = 0;
		};
/* End PBXFrameworksBuildPhase section */

/* Begin PBXGroup section */
		846078B1F4302C6FCA3795E8 /* Pods */ = {
			isa = PBXGroup;
			children = (
				216E0A3CF666EC51D46FAA47 /* Pods-MyOneProject.debug.xcconfig */,
				24FD4590FDABC8BD95E19CFC /* Pods-MyOneProject.release.xcconfig */,
			);
			name = Pods;
			path = Pods;
			sourceTree = "<group>";
		};
		BF736EFA2231C1000081E726 = {
			isa = PBXGroup;
			children = (
				BF76F6AF223578B700EA9D89 /* Default-568h@2x.png */,
				BF736F052231C1000081E726 /* MyOneProject */,
				BF736F042231C1000081E726 /* Products */,
				BF736F182231C1840081E726 /* Frameworks */,
				846078B1F4302C6FCA3795E8 /* Pods */,
			);
			sourceTree = "<group>";
		};
		BF736F042231C1000081E726 /* Products */ = {
			isa = PBXGroup;
			children = (
				BF736F032231C1000081E726 /* MyOneProject.app */,
			);
			name = Products;
			sourceTree = "<group>";
		};
		BF736F052231C1000081E726 /* MyOneProject */ = {
			isa = PBXGroup;
			children = (
				BF736F122231C1040081E726 /* Info.plist */,
				BF76F6AE2235727500EA9D89 /* Progect_settings */,
				BF76F6AD2235726100EA9D89 /* Model */,
				BF76F6AC2235725100EA9D89 /* View */,
				BF76F6AB2235723800EA9D89 /* Controllers */,
				BF736F0D2231C1040081E726 /* Assets.xcassets */,
				BF736F062231C1000081E726 /* AppDelegate.swift */,
			);
			path = MyOneProject;
			sourceTree = "<group>";
		};
		BF736F182231C1840081E726 /* Frameworks */ = {
			isa = PBXGroup;
			children = (
				1BBFFC4BD20BEBC706CBC694 /* Pods_MyOneProject.framework */,
			);
			name = Frameworks;
			sourceTree = "<group>";
		};
		BF76F6AB2235723800EA9D89 /* Controllers */ = {
			isa = PBXGroup;
			children = (
				BF736F082231C1000081E726 /* ViewController.swift */,
				BF736F1C223469D30081E726 /* TwoController.swift */,
			);
			path = Controllers;
			sourceTree = "<group>";
		};
		BF76F6AC2235725100EA9D89 /* View */ = {
			isa = PBXGroup;
			children = (
				BF76F6B12235823700EA9D89 /* Storyboard.storyboard */,
				BF736F0F2231C1040081E726 /* LaunchScreen.storyboard */,
			);
			path = View;
			sourceTree = "<group>";
		};
		BF76F6AD2235726100EA9D89 /* Model */ = {
			isa = PBXGroup;
			children = (
			);
			path = Model;
			sourceTree = "<group>";
		};
		BF76F6AE2235727500EA9D89 /* Progect_settings */ = {
			isa = PBXGroup;
			children = (
				BF736F1B2231C1840081E726 /* MyOneProject.entitlements */,
			);
			path = Progect_settings;
			sourceTree = "<group>";
		};
/* End PBXGroup section */

/* Begin PBXNativeTarget section */
		BF736F022231C1000081E726 /* MyOneProject */ = {
			isa = PBXNativeTarget;
			buildConfigurationList = BF736F152231C1040081E726 /* Build configuration list for PBXNativeTarget "MyOneProject" */;
			buildPhases = (
				A9EDCAAF08A1068DEECE8F28 /* [CP] Check Pods Manifest.lock */,
				BF736EFF2231C1000081E726 /* Sources */,
				BF736F002231C1000081E726 /* Frameworks */,
				BF736F012231C1000081E726 /* Resources */,
				09B37A61D002E01F60601981 /* [CP] Embed Pods Frameworks */,
			);
			buildRules = (
			);
			dependencies = (
			);
			name = MyOneProject;
			productName = MyOneProject;
			productReference = BF736F032231C1000081E726 /* MyOneProject.app */;
			productType = "com.apple.product-type.application";
		};
/* End PBXNativeTarget section */

/* Begin PBXProject section */
		BF736EFB2231C1000081E726 /* Project object */ = {
			isa = PBXProject;
			attributes = {
				LastSwiftUpdateCheck = 1010;
				LastUpgradeCheck = 1010;
				ORGANIZATIONNAME = "Anastasia Gayvoronskaya";
				TargetAttributes = {
					BF736F022231C1000081E726 = {
						CreatedOnToolsVersion = 10.1;
						SystemCapabilities = {
							com.apple.WAC = {
								enabled = 0;
							};
						};
					};
				};
			};
			buildConfigurationList = BF736EFE2231C1000081E726 /* Build configuration list for PBXProject "MyOneProject" */;
			compatibilityVersion = "Xcode 9.3";
			developmentRegion = en;
			hasScannedForEncodings = 0;
			knownRegions = (
				en,
				Base,
			);
			mainGroup = BF736EFA2231C1000081E726;
			productRefGroup = BF736F042231C1000081E726 /* Products */;
			projectDirPath = "";
			projectRoot = "";
			targets = (
				BF736F022231C1000081E726 /* MyOneProject */,
			);
		};
/* End PBXProject section */

/* Begin PBXResourcesBuildPhase section */
		BF736F012231C1000081E726 /* Resources */ = {
			isa = PBXResourcesBuildPhase;
			buildActionMask = 2147483647;
			files = (
				BF736F112231C1040081E726 /* LaunchScreen.storyboard in Resources */,
				BF76F6B22235823700EA9D89 /* Storyboard.storyboard in Resources */,
				BF76F6B0223578B800EA9D89 /* Default-568h@2x.png in Resources */,
				BF736F0E2231C1040081E726 /* Assets.xcassets in Resources */,
			);
			runOnlyForDeploymentPostprocessing = 0;
		};
/* End PBXResourcesBuildPhase section */

/* Begin PBXShellScriptBuildPhase section */
		09B37A61D002E01F60601981 /* [CP] Embed Pods Frameworks */ = {
			isa = PBXShellScriptBuildPhase;
			buildActionMask = 2147483647;
			files = (
			);
			inputFileListPaths = (
			);
			inputPaths = (
				"${PODS_ROOT}/Target Support Files/Pods-MyOneProject/Pods-MyOneProject-frameworks.sh",
				"${BUILT_PRODUCTS_DIR}/Alamofire/Alamofire.framework",
			);
			name = "[CP] Embed Pods Frameworks";
			outputFileListPaths = (
			);
			outputPaths = (
				"${TARGET_BUILD_DIR}/${FRAMEWORKS_FOLDER_PATH}/Alamofire.framework",
			);
			runOnlyForDeploymentPostprocessing = 0;
			shellPath = /bin/sh;
			shellScript = "\"${PODS_ROOT}/Target Support Files/Pods-MyOneProject/Pods-MyOneProject-frameworks.sh\"\n";
			showEnvVarsInLog = 0;
		};
		A9EDCAAF08A1068DEECE8F28 /* [CP] Check Pods Manifest.lock */ = {
			isa = PBXShellScriptBuildPhase;
			buildActionMask = 2147483647;
			files = (
			);
			inputFileListPaths = (
			);
			inputPaths = (
				"${PODS_PODFILE_DIR_PATH}/Podfile.lock",
				"${PODS_ROOT}/Manifest.lock",
			);
			name = "[CP] Check Pods Manifest.lock";
			outputFileListPaths = (
			);
			outputPaths = (
				"$(DERIVED_FILE_DIR)/Pods-MyOneProject-checkManifestLockResult.txt",
			);
			runOnlyForDeploymentPostprocessing = 0;
			shellPath = /bin/sh;
			shellScript = "diff \"${PODS_PODFILE_DIR_PATH}/Podfile.lock\" \"${PODS_ROOT}/Manifest.lock\" > /dev/null\nif [ $? != 0 ] ; then\n    # print error to STDERR\n    echo \"error: The sandbox is not in sync with the Podfile.lock. Run 'pod install' or update your CocoaPods installation.\" >&2\n    exit 1\nfi\n# This output is used by Xcode 'outputs' to avoid re-running this script phase.\necho \"SUCCESS\" > \"${SCRIPT_OUTPUT_FILE_0}\"\n";
			showEnvVarsInLog = 0;
		};
/* End PBXShellScriptBuildPhase section */

/* Begin PBXSourcesBuildPhase section */
		BF736EFF2231C1000081E726 /* Sources */ = {
			isa = PBXSourcesBuildPhase;
			buildActionMask = 2147483647;
			files = (
				BF736F1D223469D30081E726 /* TwoController.swift in Sources */,
				BF736F092231C1000081E726 /* ViewController.swift in Sources */,
				BF736F072231C1000081E726 /* AppDelegate.swift in Sources */,
			);
			runOnlyForDeploymentPostprocessing = 0;
		};
/* End PBXSourcesBuildPhase section */

/* Begin PBXVariantGroup section */
		BF736F0F2231C1040081E726 /* LaunchScreen.storyboard */ = {
			isa = PBXVariantGroup;
			children = (
				BF736F102231C1040081E726 /* Base */,
			);
			name = LaunchScreen.storyboard;
			sourceTree = "<group>";
		};
/* End PBXVariantGroup section */

/* Begin XCBuildConfiguration section */
		BF736F132231C1040081E726 /* Debug */ = {
			isa = XCBuildConfiguration;
			buildSettings = {
				ALWAYS_SEARCH_USER_PATHS = NO;
				CLANG_ANALYZER_NONNULL = YES;
				CLANG_ANALYZER_NUMBER_OBJECT_CONVERSION = YES_AGGRESSIVE;
				CLANG_CXX_LANGUAGE_STANDARD = "gnu++14";
				CLANG_CXX_LIBRARY = "libc++";
				CLANG_ENABLE_MODULES = YES;
				CLANG_ENABLE_OBJC_ARC = YES;
				CLANG_ENABLE_OBJC_WEAK = YES;
				CLANG_WARN_BLOCK_CAPTURE_AUTORELEASING = YES;
				CLANG_WARN_BOOL_CONVERSION = YES;
				CLANG_WARN_COMMA = YES;
				CLANG_WARN_CONSTANT_CONVERSION = YES;
				CLANG_WARN_DEPRECATED_OBJC_IMPLEMENTATIONS = YES;
				CLANG_WARN_DIRECT_OBJC_ISA_USAGE = YES_ERROR;
				CLANG_WARN_DOCUMENTATION_COMMENTS = YES;
				CLANG_WARN_EMPTY_BODY = YES;
				CLANG_WARN_ENUM_CONVERSION = YES;
				CLANG_WARN_INFINITE_RECURSION = YES;
				CLANG_WARN_INT_CONVERSION = YES;
				CLANG_WARN_NON_LITERAL_NULL_CONVERSION = YES;
				CLANG_WARN_OBJC_IMPLICIT_RETAIN_SELF = YES;
				CLANG_WARN_OBJC_LITERAL_CONVERSION = YES;
				CLANG_WARN_OBJC_ROOT_CLASS = YES_ERROR;
				CLANG_WARN_RANGE_LOOP_ANALYSIS = YES;
				CLANG_WARN_STRICT_PROTOTYPES = YES;
				CLANG_WARN_SUSPICIOUS_MOVE = YES;
				CLANG_WARN_UNGUARDED_AVAILABILITY = YES_AGGRESSIVE;
				CLANG_WARN_UNREACHABLE_CODE = YES;
				CLANG_WARN__DUPLICATE_METHOD_MATCH = YES;
				CODE_SIGN_IDENTITY = "iPhone Developer";
				COPY_PHASE_STRIP = NO;
				DEBUG_INFORMATION_FORMAT = dwarf;
				ENABLE_STRICT_OBJC_MSGSEND = YES;
				ENABLE_TESTABILITY = YES;
				GCC_C_LANGUAGE_STANDARD = gnu11;
				GCC_DYNAMIC_NO_PIC = NO;
				GCC_NO_COMMON_BLOCKS = YES;
				GCC_OPTIMIZATION_LEVEL = 0;
				GCC_PREPROCESSOR_DEFINITIONS = (
					"DEBUG=1",
					"$(inherited)",
				);
				GCC_WARN_64_TO_32_BIT_CONVERSION = YES;
				GCC_WARN_ABOUT_RETURN_TYPE = YES_ERROR;
				GCC_WARN_UNDECLARED_SELECTOR = YES;
				GCC_WARN_UNINITIALIZED_AUTOS = YES_AGGRESSIVE;
				GCC_WARN_UNUSED_FUNCTION = YES;
				GCC_WARN_UNUSED_VARIABLE = YES;
				IPHONEOS_DEPLOYMENT_TARGET = 12.1;
				MTL_ENABLE_DEBUG_INFO = INCLUDE_SOURCE;
				MTL_FAST_MATH = YES;
				ONLY_ACTIVE_ARCH = YES;
				SDKROOT = iphoneos;
				SWIFT_ACTIVE_COMPILATION_CONDITIONS = DEBUG;
				SWIFT_OPTIMIZATION_LEVEL = "-Onone";
			};
			name = Debug;
		};
		BF736F142231C1040081E726 /* Release */ = {
			isa = XCBuildConfiguration;
			buildSettings = {
				ALWAYS_SEARCH_USER_PATHS = NO;
				CLANG_ANALYZER_NONNULL = YES;
				CLANG_ANALYZER_NUMBER_OBJECT_CONVERSION = YES_AGGRESSIVE;
				CLANG_CXX_LANGUAGE_STANDARD = "gnu++14";
				CLANG_CXX_LIBRARY = "libc++";
				CLANG_ENABLE_MODULES = YES;
				CLANG_ENABLE_OBJC_ARC = YES;
				CLANG_ENABLE_OBJC_WEAK = YES;
				CLANG_WARN_BLOCK_CAPTURE_AUTORELEASING = YES;
				CLANG_WARN_BOOL_CONVERSION = YES;
				CLANG_WARN_COMMA = YES;
				CLANG_WARN_CONSTANT_CONVERSION = YES;
				CLANG_WARN_DEPRECATED_OBJC_IMPLEMENTATIONS = YES;
				CLANG_WARN_DIRECT_OBJC_ISA_USAGE = YES_ERROR;
				CLANG_WARN_DOCUMENTATION_COMMENTS = YES;
				CLANG_WARN_EMPTY_BODY = YES;
				CLANG_WARN_ENUM_CONVERSION = YES;
				CLANG_WARN_INFINITE_RECURSION = YES;
				CLANG_WARN_INT_CONVERSION = YES;
				CLANG_WARN_NON_LITERAL_NULL_CONVERSION = YES;
				CLANG_WARN_OBJC_IMPLICIT_RETAIN_SELF = YES;
				CLANG_WARN_OBJC_LITERAL_CONVERSION = YES;
				CLANG_WARN_OBJC_ROOT_CLASS = YES_ERROR;
				CLANG_WARN_RANGE_LOOP_ANALYSIS = YES;
				CLANG_WARN_STRICT_PROTOTYPES = YES;
				CLANG_WARN_SUSPICIOUS_MOVE = YES;
				CLANG_WARN_UNGUARDED_AVAILABILITY = YES_AGGRESSIVE;
				CLANG_WARN_UNREACHABLE_CODE = YES;
				CLANG_WARN__DUPLICATE_METHOD_MATCH = YES;
				CODE_SIGN_IDENTITY = "iPhone Developer";
				COPY_PHASE_STRIP = NO;
				DEBUG_INFORMATION_FORMAT = "dwarf-with-dsym";
				ENABLE_NS_ASSERTIONS = NO;
				ENABLE_STRICT_OBJC_MSGSEND = YES;
				GCC_C_LANGUAGE_STANDARD = gnu11;
				GCC_NO_COMMON_BLOCKS = YES;
				GCC_WARN_64_TO_32_BIT_CONVERSION = YES;
				GCC_WARN_ABOUT_RETURN_TYPE = YES_ERROR;
				GCC_WARN_UNDECLARED_SELECTOR = YES;
				GCC_WARN_UNINITIALIZED_AUTOS = YES_AGGRESSIVE;
				GCC_WARN_UNUSED_FUNCTION = YES;
				GCC_WARN_UNUSED_VARIABLE = YES;
				IPHONEOS_DEPLOYMENT_TARGET = 12.1;
				MTL_ENABLE_DEBUG_INFO = NO;
				MTL_FAST_MATH = YES;
				SDKROOT = iphoneos;
				SWIFT_COMPILATION_MODE = wholemodule;
				SWIFT_OPTIMIZATION_LEVEL = "-O";
				VALIDATE_PRODUCT = YES;
			};
			name = Release;
		};
		BF736F162231C1040081E726 /* Debug */ = {
			isa = XCBuildConfiguration;
			baseConfigurationReference = 216E0A3CF666EC51D46FAA47 /* Pods-MyOneProject.debug.xcconfig */;
			buildSettings = {
				ASSETCATALOG_COMPILER_APPICON_NAME = AppIcon;
				CODE_SIGN_STYLE = Automatic;
				DEVELOPMENT_TEAM = GJ8UPGTF4F;
				INFOPLIST_FILE = MyOneProject/Info.plist;
				LD_RUNPATH_SEARCH_PATHS = (
					"$(inherited)",
					"@executable_path/Frameworks",
				);
				PRODUCT_BUNDLE_IDENTIFIER = anafromrussia.MyOneProject;
				PRODUCT_NAME = "$(TARGET_NAME)";
				SWIFT_VERSION = 4.2;
				TARGETED_DEVICE_FAMILY = 1;
			};
			name = Debug;
		};
		BF736F172231C1040081E726 /* Release */ = {
			isa = XCBuildConfiguration;
			baseConfigurationReference = 24FD4590FDABC8BD95E19CFC /* Pods-MyOneProject.release.xcconfig */;
			buildSettings = {
				ASSETCATALOG_COMPILER_APPICON_NAME = AppIcon;
				CODE_SIGN_STYLE = Automatic;
				DEVELOPMENT_TEAM = GJ8UPGTF4F;
				INFOPLIST_FILE = MyOneProject/Info.plist;
				LD_RUNPATH_SEARCH_PATHS = (
					"$(inherited)",
					"@executable_path/Frameworks",
				);
				PRODUCT_BUNDLE_IDENTIFIER = anafromrussia.MyOneProject;
				PRODUCT_NAME = "$(TARGET_NAME)";
				SWIFT_VERSION = 4.2;
				TARGETED_DEVICE_FAMILY = 1;
			};
			name = Release;
		};
/* End XCBuildConfiguration section */

/* Begin XCConfigurationList section */
		BF736EFE2231C1000081E726 /* Build configuration list for PBXProject "MyOneProject" */ = {
			isa = XCConfigurationList;
			buildConfigurations = (
				BF736F132231C1040081E726 /* Debug */,
				BF736F142231C1040081E726 /* Release */,
			);
			defaultConfigurationIsVisible = 0;
			defaultConfigurationName = Release;
		};
		BF736F152231C1040081E726 /* Build configuration list for PBXNativeTarget "MyOneProject" */ = {
			isa = XCConfigurationList;
			buildConfigurations = (
				BF736F162231C1040081E726 /* Debug */,
				BF736F172231C1040081E726 /* Release */,
			);
			defaultConfigurationIsVisible = 0;
			defaultConfigurationName = Release;
		};
/* End XCConfigurationList section */
	};
	rootObject = BF736EFB2231C1000081E726 /* Project object */;
}
